
Microsoft Visual Studio Solution File, Format Version 12.00
# Visual Studio 15
VisualStudioVersion = 15.0.28307.705
MinimumVisualStudioVersion = 10.0.40219.1
Project("{FAE04EC0-301F-11D3-BF4B-00C04F79EFBC}") = "TorneioLutaSite", "TorneioLuta\TorneioLutaSite.csproj", "{E2D00968-1AFF-44D7-82BD-182EF13050EA}"
EndProject
Project("{FAE04EC0-301F-11D3-BF4B-00C04F79EFBC}") = "TorneioLutaDominio", "TorneiLutaDominio\TorneioLutaDominio.csproj", "{FA9F1F62-EBFE-401F-8504-91797730E943}"
EndProject
Project("{FAE04EC0-301F-11D3-BF4B-00C04F79EFBC}") = "TorneioLutaWebClient", "TorneioLutaWebClient\TorneioLutaWebClient.csproj", "{75DAFBD1-308E-49BB-9B8C-41B18D8374BC}"
EndProject
Project("{FAE04EC0-301F-11D3-BF4B-00C04F79EFBC}") = "TorneioLutaFactory", "TorneioLutaFactory\TorneioLutaFactory.csproj", "{6B5313AA-C9E8-40A9-9D47-20109349B903}"
EndProject
Project("{FAE04EC0-301F-11D3-BF4B-00C04F79EFBC}") = "TorneioLutaTestes", "TorneioLutaTestes\TorneioLutaTestes.csproj", "{1C0158DA-F30B-4B6B-B138-A43D1D11C89A}"
EndProject
Global
	GlobalSection(SolutionConfigurationPlatforms) = preSolution
		Debug|Any CPU = Debug|Any CPU
		Release|Any CPU = Release|Any CPU
	EndGlobalSection
	GlobalSection(ProjectConfigurationPlatforms) = postSolution
		{E2D00968-1AFF-44D7-82BD-182EF13050EA}.Debug|Any CPU.ActiveCfg = Debug|Any CPU
		{E2D00968-1AFF-44D7-82BD-182EF13050EA}.Debug|Any CPU.Build.0 = Debug|Any CPU
		{E2D00968-1AFF-44D7-82BD-182EF13050EA}.Release|Any CPU.ActiveCfg = Release|Any CPU
		{E2D00968-1AFF-44D7-82BD-182EF13050EA}.Release|Any CPU.Build.0 = Release|Any CPU
		{FA9F1F62-EBFE-401F-8504-91797730E943}.Debug|Any CPU.ActiveCfg = Debug|Any CPU
		{FA9F1F62-EBFE-401F-8504-91797730E943}.Debug|Any CPU.Build.0 = Debug|Any CPU
		{FA9F1F62-EBFE-401F-8504-91797730E943}.Release|Any CPU.ActiveCfg = Release|Any CPU
		{FA9F1F62-EBFE-401F-8504-91797730E943}.Release|Any CPU.Build.0 = Release|Any CPU
		{75DAFBD1-308E-49BB-9B8C-41B18D8374BC}.Debug|Any CPU.ActiveCfg = Debug|Any CPU
		{75DAFBD1-308E-49BB-9B8C-41B18D8374BC}.Debug|Any CPU.Build.0 = Debug|Any CPU
		{75DAFBD1-308E-49BB-9B8C-41B18D8374BC}.Release|Any CPU.ActiveCfg = Release|Any CPU
		{75DAFBD1-308E-49BB-9B8C-41B18D8374BC}.Release|Any CPU.Build.0 = Release|Any CPU
		{6B5313AA-C9E8-40A9-9D47-20109349B903}.Debug|Any CPU.ActiveCfg = Debug|Any CPU
		{6B5313AA-C9E8-40A9-9D47-20109349B903}.Debug|Any CPU.Build.0 = Debug|Any CPU
		{6B5313AA-C9E8-40A9-9D47-20109349B903}.Release|Any CPU.ActiveCfg = Release|Any CPU
		{6B5313AA-C9E8-40A9-9D47-20109349B903}.Release|Any CPU.Build.0 = Release|Any CPU
		{1C0158DA-F30B-4B6B-B138-A43D1D11C89A}.Debug|Any CPU.ActiveCfg = Debug|Any CPU
		{1C0158DA-F30B-4B6B-B138-A43D1D11C89A}.Debug|Any CPU.Build.0 = Debug|Any CPU
		{1C0158DA-F30B-4B6B-B138-A43D1D11C89A}.Release|Any CPU.ActiveCfg = Release|Any CPU
		{1C0158DA-F30B-4B6B-B138-A43D1D11C89A}.Release|Any CPU.Build.0 = Release|Any CPU
	EndGlobalSection
	GlobalSection(SolutionProperties) = preSolution
		HideSolutionNode = FALSE
	EndGlobalSection
	GlobalSection(ExtensibilityGlobals) = postSolution
		SolutionGuid = {49E7D366-6898-487F-AAF1-2BA59DC83215}
	EndGlobalSection
EndGlobal
